
Microsoft Visual Studio Solution File, Format Version 12.00
# Visual Studio Version 16
VisualStudioVersion = 16.0.31129.286
MinimumVisualStudioVersion = 10.0.40219.1
Project("{FAE04EC0-301F-11D3-BF4B-00C04F79EFBC}") = "ACTIVITY8-GENESIS", "ACTIVITY8-GENESIS.csproj", "{06D540B6-2DBD-4B83-A72F-BCCD72EA5C84}"
EndProject
Global
	GlobalSection(SolutionConfigurationPlatforms) = preSolution
		Debug|Any CPU = Debug|Any CPU
		Release|Any CPU = Release|Any CPU
	EndGlobalSection
	GlobalSection(ProjectConfigurationPlatforms) = postSolution
		{06D540B6-2DBD-4B83-A72F-BCCD72EA5C84}.Debug|Any CPU.ActiveCfg = Debug|Any CPU
		{06D540B6-2DBD-4B83-A72F-BCCD72EA5C84}.Debug|Any CPU.Build.0 = Debug|Any CPU
		{06D540B6-2DBD-4B83-A72F-BCCD72EA5C84}.Release|Any CPU.ActiveCfg = Release|Any CPU
		{06D540B6-2DBD-4B83-A72F-BCCD72EA5C84}.Release|Any CPU.Build.0 = Release|Any CPU
	EndGlobalSection
	GlobalSection(SolutionProperties) = preSolution
		HideSolutionNode = FALSE
	EndGlobalSection
	GlobalSection(ExtensibilityGlobals) = postSolution
		SolutionGuid = {A3F76538-7025-4B49-844E-E1E966174FF4}
	EndGlobalSection
EndGlobal
